
Microsoft Visual Studio Solution File, Format Version 12.00
# Visual Studio Version 17
VisualStudioVersion = 17.4.33213.308
MinimumVisualStudioVersion = 10.0.40219.1
Project("{888888A0-9F3D-457C-B088-3A5042F75D52}") = "rename", "rename\rename.pyproj", "{2D33B0FC-8A30-4128-92DB-27FA602EC32C}"
EndProject
Global
	GlobalSection(SolutionConfigurationPlatforms) = preSolution
		Debug|Any CPU = Debug|Any CPU
		Release|Any CPU = Release|Any CPU
	EndGlobalSection
	GlobalSection(ProjectConfigurationPlatforms) = postSolution
		{2D33B0FC-8A30-4128-92DB-27FA602EC32C}.Debug|Any CPU.ActiveCfg = Debug|Any CPU
		{2D33B0FC-8A30-4128-92DB-27FA602EC32C}.Release|Any CPU.ActiveCfg = Release|Any CPU
	EndGlobalSection
	GlobalSection(SolutionProperties) = preSolution
		HideSolutionNode = FALSE
	EndGlobalSection
	GlobalSection(ExtensibilityGlobals) = postSolution
		SolutionGuid = {4C3E0D21-81BF-400B-9AB4-11929C1947A4}
	EndGlobalSection
EndGlobal
